{
  "name": "@thunderbit/thunderbit-cli",
  "version": "1.0.0",
  "lockfileVersion": 3,
  "requires": true,
  "packages": {
    "": {
      "name": "@thunderbit/thunderbit-cli",
      "version": "1.0.0",
      "license": "MIT",
      "dependencies": {
        "commander": "^11.1.0"
      },
      "bin": {
        "thunderbit": "bin/cli.js"
      },
      "engines": {
        "node": ">=14"
      }
    },
    "node_modules/commander": {
      "version": "11.1.0",
      "resolved": "https://registry.npmjs.org/commander/-/commander-11.1.0.tgz",
      "integrity": "sha512-yPVavfyCcRhmorC7rWlkHn15b4wDVgVmBA7kV4QVBsF7kv/9TKJAbAXVTxvTnwP8HHKjRCJDClKbciiYS7p0DQ==",
      "engines": {
        "node": ">=16"
      }
    }
  }
}
